// !$*UTF8*$!
{
	archiveVersion = 1;
	classes = {
	};
	objectVersion = 46;
	objects = {

/* Begin PBXBuildFile section */
		9352F05114D59D3D0098651A /* UIKit.framework in Frameworks */ = {isa = PBXBuildFile; fileRef = 9352F05014D59D3D0098651A /* UIKit.framework */; };
		9352F05314D59D3D0098651A /* Foundation.framework in Frameworks */ = {isa = PBXBuildFile; fileRef = 9352F05214D59D3D0098651A /* Foundation.framework */; };
		9352F05514D59D3D0098651A /* CoreGraphics.framework in Frameworks */ = {isa = PBXBuildFile; fileRef = 9352F05414D59D3D0098651A /* CoreGraphics.framework */; };
		9352F05B14D59D3D0098651A /* InfoPlist.strings in Resources */ = {isa = PBXBuildFile; fileRef = 9352F05914D59D3D0098651A /* InfoPlist.strings */; };
		9352F05D14D59D3D0098651A /* main.m in Sources */ = {isa = PBXBuildFile; fileRef = 9352F05C14D59D3D0098651A /* main.m */; };
		9352F06114D59D3D0098651A /* ABCAppDelegate.m in Sources */ = {isa = PBXBuildFile; fileRef = 9352F06014D59D3D0098651A /* ABCAppDelegate.m */; };
/* End PBXBuildFile section */

/* Begin PBXFileReference section */
		9352F04C14D59D3D0098651A /* abaca.app */ = {isa = PBXFileReference; explicitFileType = wrapper.application; includeInIndex = 0; path = abaca.app; sourceTree = BUILT_PRODUCTS_DIR; };
		9352F05014D59D3D0098651A /* UIKit.framework */ = {isa = PBXFileReference; lastKnownFileType = wrapper.framework; name = UIKit.framework; path = System/Library/Frameworks/UIKit.framework; sourceTree = SDKROOT; };
		9352F05214D59D3D0098651A /* Foundation.framework */ = {isa = PBXFileReference; lastKnownFileType = wrapper.framework; name = Foundation.framework; path = System/Library/Frameworks/Foundation.framework; sourceTree = SDKROOT; };
		9352F05414D59D3D0098651A /* CoreGraphics.framework */ = {isa = PBXFileReference; lastKnownFileType = wrapper.framework; name = CoreGraphics.framework; path = System/Library/Frameworks/CoreGraphics.framework; sourceTree = SDKROOT; };
		9352F05814D59D3D0098651A /* abaca-Info.plist */ = {isa = PBXFileReference; lastKnownFileType = text.plist.xml; path = "abaca-Info.plist"; sourceTree = "<group>"; };
		9352F05A14D59D3D0098651A /* en */ = {isa = PBXFileReference; lastKnownFileType = text.plist.strings; name = en; path = en.lproj/InfoPlist.strings; sourceTree = "<group>"; };
		9352F05C14D59D3D0098651A /* main.m */ = {isa = PBXFileReference; lastKnownFileType = sourcecode.c.objc; path = main.m; sourceTree = "<group>"; };
		9352F05E14D59D3D0098651A /* abaca-Prefix.pch */ = {isa = PBXFileReference; lastKnownFileType = sourcecode.c.h; path = "abaca-Prefix.pch"; sourceTree = "<group>"; };
		9352F05F14D59D3D0098651A /* ABCAppDelegate.h */ = {isa = PBXFileReference; lastKnownFileType = sourcecode.c.h; path = ABCAppDelegate.h; sourceTree = "<group>"; };
		9352F06014D59D3D0098651A /* ABCAppDelegate.m */ = {isa = PBXFileReference; lastKnownFileType = sourcecode.c.objc; path = ABCAppDelegate.m; sourceTree = "<group>"; };
/* End PBXFileReference section */

/* Begin PBXFrameworksBuildPhase section */
		9352F04914D59D3D0098651A /* Frameworks */ = {
			isa = PBXFrameworksBuildPhase;
			buildActionMask = 2147483647;
			files = (
				9352F05114D59D3D0098651A /* UIKit.framework in Frameworks */,
				9352F05314D59D3D0098651A /* Foundation.framework in Frameworks */,
				9352F05514D59D3D0098651A /* CoreGraphics.framework in Frameworks */,
			);
			runOnlyForDeploymentPostprocessing = 0;
		};
/* End PBXFrameworksBuildPhase section */

/* Begin PBXGroup section */
		9352F04114D59D3C0098651A = {
			isa = PBXGroup;
			children = (
				9352F05614D59D3D0098651A /* abaca */,
				9352F04F14D59D3D0098651A /* Frameworks */,
				9352F04D14D59D3D0098651A /* Products */,
			);
			sourceTree = "<group>";
		};
		9352F04D14D59D3D0098651A /* Products */ = {
			isa = PBXGroup;
			children = (
				9352F04C14D59D3D0098651A /* abaca.app */,
			);
			name = Products;
			sourceTree = "<group>";
		};
		9352F04F14D59D3D0098651A /* Frameworks */ = {
			isa = PBXGroup;
			children = (
				9352F05014D59D3D0098651A /* UIKit.framework */,
				9352F05214D59D3D0098651A /* Foundation.framework */,
				9352F05414D59D3D0098651A /* CoreGraphics.framework */,
			);
			name = Frameworks;
			sourceTree = "<group>";
		};
		9352F05614D59D3D0098651A /* abaca */ = {
			isa = PBXGroup;
			children = (
				9352F05F14D59D3D0098651A /* ABCAppDelegate.h */,
				9352F06014D59D3D0098651A /* ABCAppDelegate.m */,
				9352F05714D59D3D0098651A /* Supporting Files */,
			);
			path = abaca;
			sourceTree = "<group>";
		};
		9352F05714D59D3D0098651A /* Supporting Files */ = {
			isa = PBXGroup;
			children = (
				9352F05814D59D3D0098651A /* abaca-Info.plist */,
				9352F05914D59D3D0098651A /* InfoPlist.strings */,
				9352F05C14D59D3D0098651A /* main.m */,
				9352F05E14D59D3D0098651A /* abaca-Prefix.pch */,
			);
			name = "Supporting Files";
			sourceTree = "<group>";
		};
/* End PBXGroup section */

/* Begin PBXNativeTarget section */
		9352F04B14D59D3D0098651A /* abaca */ = {
			isa = PBXNativeTarget;
			buildConfigurationList = 9352F06414D59D3D0098651A /* Build configuration list for PBXNativeTarget "abaca" */;
			buildPhases = (
				9352F04814D59D3D0098651A /* Sources */,
				9352F04914D59D3D0098651A /* Frameworks */,
				9352F04A14D59D3D0098651A /* Resources */,
			);
			buildRules = (
			);
			dependencies = (
			);
			name = abaca;
			productName = abaca;
			productReference = 9352F04C14D59D3D0098651A /* abaca.app */;
			productType = "com.apple.product-type.application";
		};
/* End PBXNativeTarget section */

/* Begin PBXProject section */
		9352F04314D59D3C0098651A /* Project object */ = {
			isa = PBXProject;
			attributes = {
				LastUpgradeCheck = 0420;
				ORGANIZATIONNAME = SeriouslyRevival;
			};
			buildConfigurationList = 9352F04614D59D3C0098651A /* Build configuration list for PBXProject "abaca" */;
			compatibilityVersion = "Xcode 3.2";
			developmentRegion = English;
			hasScannedForEncodings = 0;
			knownRegions = (
				en,
			);
			mainGroup = 9352F04114D59D3C0098651A;
			productRefGroup = 9352F04D14D59D3D0098651A /* Products */;
			projectDirPath = "";
			projectRoot = "";
			targets = (
				9352F04B14D59D3D0098651A /* abaca */,
			);
		};
/* End PBXProject section */

/* Begin PBXResourcesBuildPhase section */
		9352F04A14D59D3D0098651A /* Resources */ = {
			isa = PBXResourcesBuildPhase;
			buildActionMask = 2147483647;
			files = (
				9352F05B14D59D3D0098651A /* InfoPlist.strings in Resources */,
			);
			runOnlyForDeploymentPostprocessing = 0;
		};
/* End PBXResourcesBuildPhase section */

/* Begin PBXSourcesBuildPhase section */
		9352F04814D59D3D0098651A /* Sources */ = {
			isa = PBXSourcesBuildPhase;
			buildActionMask = 2147483647;
			files = (
				9352F05D14D59D3D0098651A /* main.m in Sources */,
				9352F06114D59D3D0098651A /* ABCAppDelegate.m in Sources */,
			);
			runOnlyForDeploymentPostprocessing = 0;
		};
/* End PBXSourcesBuildPhase section */

/* Begin PBXVariantGroup section */
		9352F05914D59D3D0098651A /* InfoPlist.strings */ = {
			isa = PBXVariantGroup;
			children = (
				9352F05A14D59D3D0098651A /* en */,
			);
			name = InfoPlist.strings;
			sourceTree = "<group>";
		};
/* End PBXVariantGroup section */

/* Begin XCBuildConfiguration section */
		9352F06214D59D3D0098651A /* Debug */ = {
			isa = XCBuildConfiguration;
			buildSettings = {
				ALWAYS_SEARCH_USER_PATHS = NO;
				ARCHS = "$(ARCHS_STANDARD_32_BIT)";
				"CODE_SIGN_IDENTITY[sdk=iphoneos*]" = "iPhone Developer";
				COPY_PHASE_STRIP = NO;
				GCC_C_LANGUAGE_STANDARD = gnu99;
				GCC_DYNAMIC_NO_PIC = NO;
				GCC_OPTIMIZATION_LEVEL = 0;
				GCC_PREPROCESSOR_DEFINITIONS = (
					"DEBUG=1",
					"$(inherited)",
				);
				GCC_SYMBOLS_PRIVATE_EXTERN = NO;
				GCC_VERSION = com.apple.compilers.llvm.clang.1_0;
				GCC_WARN_ABOUT_MISSING_PROTOTYPES = YES;
				GCC_WARN_ABOUT_RETURN_TYPE = YES;
				GCC_WARN_UNUSED_VARIABLE = YES;
				IPHONEOS_DEPLOYMENT_TARGET = 5.0;
				SDKROOT = iphoneos;
				TARGETED_DEVICE_FAMILY = "1,2";
			};
			name = Debug;
		};
		9352F06314D59D3D0098651A /* Release */ = {
			isa = XCBuildConfiguration;
			buildSettings = {
				ALWAYS_SEARCH_USER_PATHS = NO;
				ARCHS = "$(ARCHS_STANDARD_32_BIT)";
				"CODE_SIGN_IDENTITY[sdk=iphoneos*]" = "iPhone Developer";
				COPY_PHASE_STRIP = YES;
				GCC_C_LANGUAGE_STANDARD = gnu99;
				GCC_VERSION = com.apple.compilers.llvm.clang.1_0;
				GCC_WARN_ABOUT_MISSING_PROTOTYPES = YES;
				GCC_WARN_ABOUT_RETURN_TYPE = YES;
				GCC_WARN_UNUSED_VARIABLE = YES;
				IPHONEOS_DEPLOYMENT_TARGET = 5.0;
				OTHER_CFLAGS = "-DNS_BLOCK_ASSERTIONS=1";
				SDKROOT = iphoneos;
				TARGETED_DEVICE_FAMILY = "1,2";
				VALIDATE_PRODUCT = YES;
			};
			name = Release;
		};
		9352F06514D59D3D0098651A /* Debug */ = {
			isa = XCBuildConfiguration;
			buildSettings = {
				GCC_PRECOMPILE_PREFIX_HEADER = YES;
				GCC_PREFIX_HEADER = "abaca/abaca-Prefix.pch";
				INFOPLIST_FILE = "abaca/abaca-Info.plist";
				PRODUCT_NAME = "$(TARGET_NAME)";
				WRAPPER_EXTENSION = app;
			};
			name = Debug;
		};
		9352F06614D59D3D0098651A /* Release */ = {
			isa = XCBuildConfiguration;
			buildSettings = {
				GCC_PRECOMPILE_PREFIX_HEADER = YES;
				GCC_PREFIX_HEADER = "abaca/abaca-Prefix.pch";
				INFOPLIST_FILE = "abaca/abaca-Info.plist";
				PRODUCT_NAME = "$(TARGET_NAME)";
				WRAPPER_EXTENSION = app;
			};
			name = Release;
		};
/* End XCBuildConfiguration section */

/* Begin XCConfigurationList section */
		9352F04614D59D3C0098651A /* Build configuration list for PBXProject "abaca" */ = {
			isa = XCConfigurationList;
			buildConfigurations = (
				9352F06214D59D3D0098651A /* Debug */,
				9352F06314D59D3D0098651A /* Release */,
			);
			defaultConfigurationIsVisible = 0;
			defaultConfigurationName = Release;
		};
		9352F06414D59D3D0098651A /* Build configuration list for PBXNativeTarget "abaca" */ = {
			isa = XCConfigurationList;
			buildConfigurations = (
				9352F06514D59D3D0098651A /* Debug */,
				9352F06614D59D3D0098651A /* Release */,
			);
			defaultConfigurationIsVisible = 0;
		};
/* End XCConfigurationList section */
	};
	rootObject = 9352F04314D59D3C0098651A /* Project object */;
}
