// !$*UTF8*$!
{
	archiveVersion = 1;
	classes = {
	};
	objectVersion = 46;
	objects = {

/* Begin PBXBuildFile section */
		93690E8414D6965100ED6277 /* Icon@2x.png in Resources */ = {isa = PBXBuildFile; fileRef = 93690E8314D6965100ED6277 /* Icon@2x.png */; };
		93690E8614D6965700ED6277 /* Icon.png in Resources */ = {isa = PBXBuildFile; fileRef = 93690E8514D6965700ED6277 /* Icon.png */; };
		93690E8814D6965F00ED6277 /* Icon-72.png in Resources */ = {isa = PBXBuildFile; fileRef = 93690E8714D6965F00ED6277 /* Icon-72.png */; };
		93690E8A14D6980400ED6277 /* MainBGGradient.png in Resources */ = {isa = PBXBuildFile; fileRef = 93690E8914D6980400ED6277 /* MainBGGradient.png */; };
		93690E8C14D69AB200ED6277 /* Default-Landscape~ipad.png in Resources */ = {isa = PBXBuildFile; fileRef = 93690E8B14D69AB200ED6277 /* Default-Landscape~ipad.png */; };
		93690E8E14D69B1D00ED6277 /* Default-Landscape@2x.png in Resources */ = {isa = PBXBuildFile; fileRef = 93690E8D14D69B1D00ED6277 /* Default-Landscape@2x.png */; };
		93690E9214D69BD800ED6277 /* Default@2x.png in Resources */ = {isa = PBXBuildFile; fileRef = 93690E9114D69BD800ED6277 /* Default@2x.png */; };
		93690E9514D6A7D400ED6277 /* HomeScreenButtons.png in Resources */ = {isa = PBXBuildFile; fileRef = 93690E9314D6A7D400ED6277 /* HomeScreenButtons.png */; };
		93690E9614D6A7D400ED6277 /* HomeScreenButtons@2x.png in Resources */ = {isa = PBXBuildFile; fileRef = 93690E9414D6A7D400ED6277 /* HomeScreenButtons@2x.png */; };
		93690E9914D6A81300ED6277 /* ABCHomeScreenButtonView.m in Sources */ = {isa = PBXBuildFile; fileRef = 93690E9814D6A81300ED6277 /* ABCHomeScreenButtonView.m */; };
		93690E9E14D6B29800ED6277 /* HomeScreenBtnText_0@2x.png in Resources */ = {isa = PBXBuildFile; fileRef = 93690E9A14D6B29800ED6277 /* HomeScreenBtnText_0@2x.png */; };
		93690E9F14D6B29800ED6277 /* HomeScreenBtnText_1@2x.png in Resources */ = {isa = PBXBuildFile; fileRef = 93690E9B14D6B29800ED6277 /* HomeScreenBtnText_1@2x.png */; };
		93690EA014D6B29800ED6277 /* HomeScreenBtnText_2@2x.png in Resources */ = {isa = PBXBuildFile; fileRef = 93690E9C14D6B29800ED6277 /* HomeScreenBtnText_2@2x.png */; };
		93690EA114D6B29800ED6277 /* HomeScreenBtnText_3@2x.png in Resources */ = {isa = PBXBuildFile; fileRef = 93690E9D14D6B29800ED6277 /* HomeScreenBtnText_3@2x.png */; };
		93690EA614D6B98500ED6277 /* HomeScreenBtnIcon_0@2x.png in Resources */ = {isa = PBXBuildFile; fileRef = 93690EA214D6B98500ED6277 /* HomeScreenBtnIcon_0@2x.png */; };
		93690EA714D6B98500ED6277 /* HomeScreenBtnIcon_1@2x.png in Resources */ = {isa = PBXBuildFile; fileRef = 93690EA314D6B98500ED6277 /* HomeScreenBtnIcon_1@2x.png */; };
		93690EA814D6B98500ED6277 /* HomeScreenBtnIcon_2@2x.png in Resources */ = {isa = PBXBuildFile; fileRef = 93690EA414D6B98500ED6277 /* HomeScreenBtnIcon_2@2x.png */; };
		93690EA914D6B98500ED6277 /* HomeScreenBtnIcon_3@2x.png in Resources */ = {isa = PBXBuildFile; fileRef = 93690EA514D6B98500ED6277 /* HomeScreenBtnIcon_3@2x.png */; };
		93690EAC14D6BE0600ED6277 /* HomeScreenButtons_Highlighted.png in Resources */ = {isa = PBXBuildFile; fileRef = 93690EAA14D6BE0600ED6277 /* HomeScreenButtons_Highlighted.png */; };
		93690EAD14D6BE0600ED6277 /* HomeScreenButtons_Highlighted@2x.png in Resources */ = {isa = PBXBuildFile; fileRef = 93690EAB14D6BE0600ED6277 /* HomeScreenButtons_Highlighted@2x.png */; };
		93690EB014D6C18C00ED6277 /* ABCabacaSongViewController.m in Sources */ = {isa = PBXBuildFile; fileRef = 93690EAF14D6C18C00ED6277 /* ABCabacaSongViewController.m */; };
		93690EB314D6C1A200ED6277 /* ABCalphabetViewController.m in Sources */ = {isa = PBXBuildFile; fileRef = 93690EB214D6C1A200ED6277 /* ABCalphabetViewController.m */; };
		93690EB614D6C1BF00ED6277 /* ABCreadingViewController.m in Sources */ = {isa = PBXBuildFile; fileRef = 93690EB514D6C1BE00ED6277 /* ABCreadingViewController.m */; };
		93690EB914D6C1DE00ED6277 /* ABCyapYapSongViewController.m in Sources */ = {isa = PBXBuildFile; fileRef = 93690EB814D6C1DD00ED6277 /* ABCyapYapSongViewController.m */; };
		93690EBC14D6C2E100ED6277 /* ABCBaseViewController.m in Sources */ = {isa = PBXBuildFile; fileRef = 93690EBB14D6C2E100ED6277 /* ABCBaseViewController.m */; };
		93C939F214D5A8C30035EA79 /* UIKit.framework in Frameworks */ = {isa = PBXBuildFile; fileRef = 93C939F114D5A8C30035EA79 /* UIKit.framework */; };
		93C939F414D5A8C30035EA79 /* Foundation.framework in Frameworks */ = {isa = PBXBuildFile; fileRef = 93C939F314D5A8C30035EA79 /* Foundation.framework */; };
		93C939F614D5A8C30035EA79 /* CoreGraphics.framework in Frameworks */ = {isa = PBXBuildFile; fileRef = 93C939F514D5A8C30035EA79 /* CoreGraphics.framework */; };
		93C939FC14D5A8C30035EA79 /* InfoPlist.strings in Resources */ = {isa = PBXBuildFile; fileRef = 93C939FA14D5A8C30035EA79 /* InfoPlist.strings */; };
		93C939FE14D5A8C30035EA79 /* main.m in Sources */ = {isa = PBXBuildFile; fileRef = 93C939FD14D5A8C30035EA79 /* main.m */; };
		93C93A0214D5A8C30035EA79 /* ABCAppDelegate.m in Sources */ = {isa = PBXBuildFile; fileRef = 93C93A0114D5A8C30035EA79 /* ABCAppDelegate.m */; };
		93C93A0F14D5AA370035EA79 /* ABCRootViewController.m in Sources */ = {isa = PBXBuildFile; fileRef = 93C93A0E14D5AA370035EA79 /* ABCRootViewController.m */; };
/* End PBXBuildFile section */

/* Begin PBXFileReference section */
		93690E8314D6965100ED6277 /* Icon@2x.png */ = {isa = PBXFileReference; lastKnownFileType = image.png; path = "Icon@2x.png"; sourceTree = "<group>"; };
		93690E8514D6965700ED6277 /* Icon.png */ = {isa = PBXFileReference; lastKnownFileType = image.png; path = Icon.png; sourceTree = "<group>"; };
		93690E8714D6965F00ED6277 /* Icon-72.png */ = {isa = PBXFileReference; lastKnownFileType = image.png; path = "Icon-72.png"; sourceTree = "<group>"; };
		93690E8914D6980400ED6277 /* MainBGGradient.png */ = {isa = PBXFileReference; lastKnownFileType = image.png; path = MainBGGradient.png; sourceTree = "<group>"; };
		93690E8B14D69AB200ED6277 /* Default-Landscape~ipad.png */ = {isa = PBXFileReference; lastKnownFileType = image.png; path = "Default-Landscape~ipad.png"; sourceTree = "<group>"; };
		93690E8D14D69B1D00ED6277 /* Default-Landscape@2x.png */ = {isa = PBXFileReference; lastKnownFileType = image.png; path = "Default-Landscape@2x.png"; sourceTree = "<group>"; };
		93690E9114D69BD800ED6277 /* Default@2x.png */ = {isa = PBXFileReference; lastKnownFileType = image.png; path = "Default@2x.png"; sourceTree = "<group>"; };
		93690E9314D6A7D400ED6277 /* HomeScreenButtons.png */ = {isa = PBXFileReference; lastKnownFileType = image.png; path = HomeScreenButtons.png; sourceTree = "<group>"; };
		93690E9414D6A7D400ED6277 /* HomeScreenButtons@2x.png */ = {isa = PBXFileReference; lastKnownFileType = image.png; path = "HomeScreenButtons@2x.png"; sourceTree = "<group>"; };
		93690E9714D6A81300ED6277 /* ABCHomeScreenButtonView.h */ = {isa = PBXFileReference; fileEncoding = 4; lastKnownFileType = sourcecode.c.h; path = ABCHomeScreenButtonView.h; sourceTree = "<group>"; };
		93690E9814D6A81300ED6277 /* ABCHomeScreenButtonView.m */ = {isa = PBXFileReference; fileEncoding = 4; lastKnownFileType = sourcecode.c.objc; path = ABCHomeScreenButtonView.m; sourceTree = "<group>"; };
		93690E9A14D6B29800ED6277 /* HomeScreenBtnText_0@2x.png */ = {isa = PBXFileReference; lastKnownFileType = image.png; path = "HomeScreenBtnText_0@2x.png"; sourceTree = "<group>"; };
		93690E9B14D6B29800ED6277 /* HomeScreenBtnText_1@2x.png */ = {isa = PBXFileReference; lastKnownFileType = image.png; path = "HomeScreenBtnText_1@2x.png"; sourceTree = "<group>"; };
		93690E9C14D6B29800ED6277 /* HomeScreenBtnText_2@2x.png */ = {isa = PBXFileReference; lastKnownFileType = image.png; path = "HomeScreenBtnText_2@2x.png"; sourceTree = "<group>"; };
		93690E9D14D6B29800ED6277 /* HomeScreenBtnText_3@2x.png */ = {isa = PBXFileReference; lastKnownFileType = image.png; path = "HomeScreenBtnText_3@2x.png"; sourceTree = "<group>"; };
		93690EA214D6B98500ED6277 /* HomeScreenBtnIcon_0@2x.png */ = {isa = PBXFileReference; lastKnownFileType = image.png; path = "HomeScreenBtnIcon_0@2x.png"; sourceTree = "<group>"; };
		93690EA314D6B98500ED6277 /* HomeScreenBtnIcon_1@2x.png */ = {isa = PBXFileReference; lastKnownFileType = image.png; path = "HomeScreenBtnIcon_1@2x.png"; sourceTree = "<group>"; };
		93690EA414D6B98500ED6277 /* HomeScreenBtnIcon_2@2x.png */ = {isa = PBXFileReference; lastKnownFileType = image.png; path = "HomeScreenBtnIcon_2@2x.png"; sourceTree = "<group>"; };
		93690EA514D6B98500ED6277 /* HomeScreenBtnIcon_3@2x.png */ = {isa = PBXFileReference; lastKnownFileType = image.png; path = "HomeScreenBtnIcon_3@2x.png"; sourceTree = "<group>"; };
		93690EAA14D6BE0600ED6277 /* HomeScreenButtons_Highlighted.png */ = {isa = PBXFileReference; lastKnownFileType = image.png; path = HomeScreenButtons_Highlighted.png; sourceTree = "<group>"; };
		93690EAB14D6BE0600ED6277 /* HomeScreenButtons_Highlighted@2x.png */ = {isa = PBXFileReference; lastKnownFileType = image.png; path = "HomeScreenButtons_Highlighted@2x.png"; sourceTree = "<group>"; };
		93690EAE14D6C18C00ED6277 /* ABCabacaSongViewController.h */ = {isa = PBXFileReference; fileEncoding = 4; lastKnownFileType = sourcecode.c.h; path = ABCabacaSongViewController.h; sourceTree = "<group>"; };
		93690EAF14D6C18C00ED6277 /* ABCabacaSongViewController.m */ = {isa = PBXFileReference; fileEncoding = 4; lastKnownFileType = sourcecode.c.objc; path = ABCabacaSongViewController.m; sourceTree = "<group>"; };
		93690EB114D6C1A200ED6277 /* ABCalphabetViewController.h */ = {isa = PBXFileReference; fileEncoding = 4; lastKnownFileType = sourcecode.c.h; path = ABCalphabetViewController.h; sourceTree = "<group>"; };
		93690EB214D6C1A200ED6277 /* ABCalphabetViewController.m */ = {isa = PBXFileReference; fileEncoding = 4; lastKnownFileType = sourcecode.c.objc; path = ABCalphabetViewController.m; sourceTree = "<group>"; };
		93690EB414D6C1BE00ED6277 /* ABCreadingViewController.h */ = {isa = PBXFileReference; fileEncoding = 4; lastKnownFileType = sourcecode.c.h; path = ABCreadingViewController.h; sourceTree = "<group>"; };
		93690EB514D6C1BE00ED6277 /* ABCreadingViewController.m */ = {isa = PBXFileReference; fileEncoding = 4; lastKnownFileType = sourcecode.c.objc; path = ABCreadingViewController.m; sourceTree = "<group>"; };
		93690EB714D6C1DD00ED6277 /* ABCyapYapSongViewController.h */ = {isa = PBXFileReference; fileEncoding = 4; lastKnownFileType = sourcecode.c.h; path = ABCyapYapSongViewController.h; sourceTree = "<group>"; };
		93690EB814D6C1DD00ED6277 /* ABCyapYapSongViewController.m */ = {isa = PBXFileReference; fileEncoding = 4; lastKnownFileType = sourcecode.c.objc; path = ABCyapYapSongViewController.m; sourceTree = "<group>"; };
		93690EBA14D6C2E100ED6277 /* ABCBaseViewController.h */ = {isa = PBXFileReference; fileEncoding = 4; lastKnownFileType = sourcecode.c.h; path = ABCBaseViewController.h; sourceTree = "<group>"; };
		93690EBB14D6C2E100ED6277 /* ABCBaseViewController.m */ = {isa = PBXFileReference; fileEncoding = 4; lastKnownFileType = sourcecode.c.objc; path = ABCBaseViewController.m; sourceTree = "<group>"; };
		93C939ED14D5A8C20035EA79 /* abaca.app */ = {isa = PBXFileReference; explicitFileType = wrapper.application; includeInIndex = 0; path = abaca.app; sourceTree = BUILT_PRODUCTS_DIR; };
		93C939F114D5A8C30035EA79 /* UIKit.framework */ = {isa = PBXFileReference; lastKnownFileType = wrapper.framework; name = UIKit.framework; path = System/Library/Frameworks/UIKit.framework; sourceTree = SDKROOT; };
		93C939F314D5A8C30035EA79 /* Foundation.framework */ = {isa = PBXFileReference; lastKnownFileType = wrapper.framework; name = Foundation.framework; path = System/Library/Frameworks/Foundation.framework; sourceTree = SDKROOT; };
		93C939F514D5A8C30035EA79 /* CoreGraphics.framework */ = {isa = PBXFileReference; lastKnownFileType = wrapper.framework; name = CoreGraphics.framework; path = System/Library/Frameworks/CoreGraphics.framework; sourceTree = SDKROOT; };
		93C939F914D5A8C30035EA79 /* abaca-Info.plist */ = {isa = PBXFileReference; lastKnownFileType = text.plist.xml; path = "abaca-Info.plist"; sourceTree = "<group>"; };
		93C939FB14D5A8C30035EA79 /* en */ = {isa = PBXFileReference; lastKnownFileType = text.plist.strings; name = en; path = en.lproj/InfoPlist.strings; sourceTree = "<group>"; };
		93C939FD14D5A8C30035EA79 /* main.m */ = {isa = PBXFileReference; lastKnownFileType = sourcecode.c.objc; path = main.m; sourceTree = "<group>"; };
		93C939FF14D5A8C30035EA79 /* abaca-Prefix.pch */ = {isa = PBXFileReference; lastKnownFileType = sourcecode.c.h; path = "abaca-Prefix.pch"; sourceTree = "<group>"; };
		93C93A0014D5A8C30035EA79 /* ABCAppDelegate.h */ = {isa = PBXFileReference; lastKnownFileType = sourcecode.c.h; path = ABCAppDelegate.h; sourceTree = "<group>"; };
		93C93A0114D5A8C30035EA79 /* ABCAppDelegate.m */ = {isa = PBXFileReference; lastKnownFileType = sourcecode.c.objc; path = ABCAppDelegate.m; sourceTree = "<group>"; };
		93C93A0D14D5AA370035EA79 /* ABCRootViewController.h */ = {isa = PBXFileReference; fileEncoding = 4; lastKnownFileType = sourcecode.c.h; path = ABCRootViewController.h; sourceTree = "<group>"; };
		93C93A0E14D5AA370035EA79 /* ABCRootViewController.m */ = {isa = PBXFileReference; fileEncoding = 4; lastKnownFileType = sourcecode.c.objc; path = ABCRootViewController.m; sourceTree = "<group>"; };
/* End PBXFileReference section */

/* Begin PBXFrameworksBuildPhase section */
		93C939EA14D5A8C20035EA79 /* Frameworks */ = {
			isa = PBXFrameworksBuildPhase;
			buildActionMask = 2147483647;
			files = (
				93C939F214D5A8C30035EA79 /* UIKit.framework in Frameworks */,
				93C939F414D5A8C30035EA79 /* Foundation.framework in Frameworks */,
				93C939F614D5A8C30035EA79 /* CoreGraphics.framework in Frameworks */,
			);
			runOnlyForDeploymentPostprocessing = 0;
		};
/* End PBXFrameworksBuildPhase section */

/* Begin PBXGroup section */
		93C939E214D5A8C20035EA79 = {
			isa = PBXGroup;
			children = (
				93690E9114D69BD800ED6277 /* Default@2x.png */,
				93690E8D14D69B1D00ED6277 /* Default-Landscape@2x.png */,
				93690E8B14D69AB200ED6277 /* Default-Landscape~ipad.png */,
				93690E8714D6965F00ED6277 /* Icon-72.png */,
				93690E8514D6965700ED6277 /* Icon.png */,
				93690E8314D6965100ED6277 /* Icon@2x.png */,
				93C939F714D5A8C30035EA79 /* abaca */,
				93C93A0C14D5A9740035EA79 /* Images */,
				93C939F014D5A8C20035EA79 /* Frameworks */,
				93C939EE14D5A8C20035EA79 /* Products */,
			);
			sourceTree = "<group>";
		};
		93C939EE14D5A8C20035EA79 /* Products */ = {
			isa = PBXGroup;
			children = (
				93C939ED14D5A8C20035EA79 /* abaca.app */,
			);
			name = Products;
			sourceTree = "<group>";
		};
		93C939F014D5A8C20035EA79 /* Frameworks */ = {
			isa = PBXGroup;
			children = (
				93C939F114D5A8C30035EA79 /* UIKit.framework */,
				93C939F314D5A8C30035EA79 /* Foundation.framework */,
				93C939F514D5A8C30035EA79 /* CoreGraphics.framework */,
			);
			name = Frameworks;
			sourceTree = "<group>";
		};
		93C939F714D5A8C30035EA79 /* abaca */ = {
			isa = PBXGroup;
			children = (
				93C93A0014D5A8C30035EA79 /* ABCAppDelegate.h */,
				93C93A0114D5A8C30035EA79 /* ABCAppDelegate.m */,
				93C93A0A14D5A94F0035EA79 /* View Controllers */,
				93C93A0B14D5A94F0035EA79 /* Views */,
				93C93A0814D5A94F0035EA79 /* Models */,
				93C93A0914D5A94F0035EA79 /* Other */,
				93C939F814D5A8C30035EA79 /* Supporting Files */,
			);
			path = abaca;
			sourceTree = "<group>";
		};
		93C939F814D5A8C30035EA79 /* Supporting Files */ = {
			isa = PBXGroup;
			children = (
				93C939F914D5A8C30035EA79 /* abaca-Info.plist */,
				93C939FA14D5A8C30035EA79 /* InfoPlist.strings */,
				93C939FD14D5A8C30035EA79 /* main.m */,
				93C939FF14D5A8C30035EA79 /* abaca-Prefix.pch */,
			);
			name = "Supporting Files";
			sourceTree = "<group>";
		};
		93C93A0814D5A94F0035EA79 /* Models */ = {
			isa = PBXGroup;
			children = (
			);
			path = Models;
			sourceTree = "<group>";
		};
		93C93A0914D5A94F0035EA79 /* Other */ = {
			isa = PBXGroup;
			children = (
			);
			path = Other;
			sourceTree = "<group>";
		};
		93C93A0A14D5A94F0035EA79 /* View Controllers */ = {
			isa = PBXGroup;
			children = (
				93C93A0D14D5AA370035EA79 /* ABCRootViewController.h */,
				93C93A0E14D5AA370035EA79 /* ABCRootViewController.m */,
				93690EBA14D6C2E100ED6277 /* ABCBaseViewController.h */,
				93690EBB14D6C2E100ED6277 /* ABCBaseViewController.m */,
				93690EAE14D6C18C00ED6277 /* ABCabacaSongViewController.h */,
				93690EAF14D6C18C00ED6277 /* ABCabacaSongViewController.m */,
				93690EB114D6C1A200ED6277 /* ABCalphabetViewController.h */,
				93690EB214D6C1A200ED6277 /* ABCalphabetViewController.m */,
				93690EB414D6C1BE00ED6277 /* ABCreadingViewController.h */,
				93690EB514D6C1BE00ED6277 /* ABCreadingViewController.m */,
				93690EB714D6C1DD00ED6277 /* ABCyapYapSongViewController.h */,
				93690EB814D6C1DD00ED6277 /* ABCyapYapSongViewController.m */,
			);
			path = "View Controllers";
			sourceTree = "<group>";
		};
		93C93A0B14D5A94F0035EA79 /* Views */ = {
			isa = PBXGroup;
			children = (
				93690E9714D6A81300ED6277 /* ABCHomeScreenButtonView.h */,
				93690E9814D6A81300ED6277 /* ABCHomeScreenButtonView.m */,
			);
			path = Views;
			sourceTree = "<group>";
		};
		93C93A0C14D5A9740035EA79 /* Images */ = {
			isa = PBXGroup;
			children = (
				93690EA214D6B98500ED6277 /* HomeScreenBtnIcon_0@2x.png */,
				93690EA314D6B98500ED6277 /* HomeScreenBtnIcon_1@2x.png */,
				93690EA414D6B98500ED6277 /* HomeScreenBtnIcon_2@2x.png */,
				93690EA514D6B98500ED6277 /* HomeScreenBtnIcon_3@2x.png */,
				93690E9A14D6B29800ED6277 /* HomeScreenBtnText_0@2x.png */,
				93690E9B14D6B29800ED6277 /* HomeScreenBtnText_1@2x.png */,
				93690E9C14D6B29800ED6277 /* HomeScreenBtnText_2@2x.png */,
				93690E9D14D6B29800ED6277 /* HomeScreenBtnText_3@2x.png */,
				93690E9314D6A7D400ED6277 /* HomeScreenButtons.png */,
				93690E9414D6A7D400ED6277 /* HomeScreenButtons@2x.png */,
				93690EAA14D6BE0600ED6277 /* HomeScreenButtons_Highlighted.png */,
				93690EAB14D6BE0600ED6277 /* HomeScreenButtons_Highlighted@2x.png */,
				93690E8914D6980400ED6277 /* MainBGGradient.png */,
			);
			path = Images;
			sourceTree = "<group>";
		};
/* End PBXGroup section */

/* Begin PBXNativeTarget section */
		93C939EC14D5A8C20035EA79 /* abaca */ = {
			isa = PBXNativeTarget;
			buildConfigurationList = 93C93A0514D5A8C30035EA79 /* Build configuration list for PBXNativeTarget "abaca" */;
			buildPhases = (
				93C939E914D5A8C20035EA79 /* Sources */,
				93C939EA14D5A8C20035EA79 /* Frameworks */,
				93C939EB14D5A8C20035EA79 /* Resources */,
			);
			buildRules = (
			);
			dependencies = (
			);
			name = abaca;
			productName = abaca;
			productReference = 93C939ED14D5A8C20035EA79 /* abaca.app */;
			productType = "com.apple.product-type.application";
		};
/* End PBXNativeTarget section */

/* Begin PBXProject section */
		93C939E414D5A8C20035EA79 /* Project object */ = {
			isa = PBXProject;
			attributes = {
				LastUpgradeCheck = 0420;
				ORGANIZATIONNAME = SeriouslyRevival;
			};
			buildConfigurationList = 93C939E714D5A8C20035EA79 /* Build configuration list for PBXProject "abaca" */;
			compatibilityVersion = "Xcode 3.2";
			developmentRegion = English;
			hasScannedForEncodings = 0;
			knownRegions = (
				en,
			);
			mainGroup = 93C939E214D5A8C20035EA79;
			productRefGroup = 93C939EE14D5A8C20035EA79 /* Products */;
			projectDirPath = "";
			projectRoot = "";
			targets = (
				93C939EC14D5A8C20035EA79 /* abaca */,
			);
		};
/* End PBXProject section */

/* Begin PBXResourcesBuildPhase section */
		93C939EB14D5A8C20035EA79 /* Resources */ = {
			isa = PBXResourcesBuildPhase;
			buildActionMask = 2147483647;
			files = (
				93C939FC14D5A8C30035EA79 /* InfoPlist.strings in Resources */,
				93690E8414D6965100ED6277 /* Icon@2x.png in Resources */,
				93690E8614D6965700ED6277 /* Icon.png in Resources */,
				93690E8814D6965F00ED6277 /* Icon-72.png in Resources */,
				93690E8A14D6980400ED6277 /* MainBGGradient.png in Resources */,
				93690E8C14D69AB200ED6277 /* Default-Landscape~ipad.png in Resources */,
				93690E8E14D69B1D00ED6277 /* Default-Landscape@2x.png in Resources */,
				93690E9214D69BD800ED6277 /* Default@2x.png in Resources */,
				93690E9514D6A7D400ED6277 /* HomeScreenButtons.png in Resources */,
				93690E9614D6A7D400ED6277 /* HomeScreenButtons@2x.png in Resources */,
				93690E9E14D6B29800ED6277 /* HomeScreenBtnText_0@2x.png in Resources */,
				93690E9F14D6B29800ED6277 /* HomeScreenBtnText_1@2x.png in Resources */,
				93690EA014D6B29800ED6277 /* HomeScreenBtnText_2@2x.png in Resources */,
				93690EA114D6B29800ED6277 /* HomeScreenBtnText_3@2x.png in Resources */,
				93690EA614D6B98500ED6277 /* HomeScreenBtnIcon_0@2x.png in Resources */,
				93690EA714D6B98500ED6277 /* HomeScreenBtnIcon_1@2x.png in Resources */,
				93690EA814D6B98500ED6277 /* HomeScreenBtnIcon_2@2x.png in Resources */,
				93690EA914D6B98500ED6277 /* HomeScreenBtnIcon_3@2x.png in Resources */,
				93690EAC14D6BE0600ED6277 /* HomeScreenButtons_Highlighted.png in Resources */,
				93690EAD14D6BE0600ED6277 /* HomeScreenButtons_Highlighted@2x.png in Resources */,
			);
			runOnlyForDeploymentPostprocessing = 0;
		};
/* End PBXResourcesBuildPhase section */

/* Begin PBXSourcesBuildPhase section */
		93C939E914D5A8C20035EA79 /* Sources */ = {
			isa = PBXSourcesBuildPhase;
			buildActionMask = 2147483647;
			files = (
				93C939FE14D5A8C30035EA79 /* main.m in Sources */,
				93C93A0214D5A8C30035EA79 /* ABCAppDelegate.m in Sources */,
				93C93A0F14D5AA370035EA79 /* ABCRootViewController.m in Sources */,
				93690E9914D6A81300ED6277 /* ABCHomeScreenButtonView.m in Sources */,
				93690EB014D6C18C00ED6277 /* ABCabacaSongViewController.m in Sources */,
				93690EB314D6C1A200ED6277 /* ABCalphabetViewController.m in Sources */,
				93690EB614D6C1BF00ED6277 /* ABCreadingViewController.m in Sources */,
				93690EB914D6C1DE00ED6277 /* ABCyapYapSongViewController.m in Sources */,
				93690EBC14D6C2E100ED6277 /* ABCBaseViewController.m in Sources */,
			);
			runOnlyForDeploymentPostprocessing = 0;
		};
/* End PBXSourcesBuildPhase section */

/* Begin PBXVariantGroup section */
		93C939FA14D5A8C30035EA79 /* InfoPlist.strings */ = {
			isa = PBXVariantGroup;
			children = (
				93C939FB14D5A8C30035EA79 /* en */,
			);
			name = InfoPlist.strings;
			sourceTree = "<group>";
		};
/* End PBXVariantGroup section */

/* Begin XCBuildConfiguration section */
		93C93A0314D5A8C30035EA79 /* Debug */ = {
			isa = XCBuildConfiguration;
			buildSettings = {
				ALWAYS_SEARCH_USER_PATHS = NO;
				ARCHS = "$(ARCHS_STANDARD_32_BIT)";
				"CODE_SIGN_IDENTITY[sdk=iphoneos*]" = "iPhone Developer: Thomas Birkett (K6SAK6U5KJ)";
				COPY_PHASE_STRIP = NO;
				GCC_C_LANGUAGE_STANDARD = gnu99;
				GCC_DYNAMIC_NO_PIC = NO;
				GCC_OPTIMIZATION_LEVEL = 0;
				GCC_PREPROCESSOR_DEFINITIONS = (
					"DEBUG=1",
					"$(inherited)",
				);
				GCC_SYMBOLS_PRIVATE_EXTERN = NO;
				GCC_VERSION = com.apple.compilers.llvm.clang.1_0;
				GCC_WARN_ABOUT_MISSING_PROTOTYPES = YES;
				GCC_WARN_ABOUT_RETURN_TYPE = YES;
				GCC_WARN_UNUSED_VARIABLE = YES;
				IPHONEOS_DEPLOYMENT_TARGET = 5.0;
				"PROVISIONING_PROFILE[sdk=iphoneos*]" = "992390A9-E4E4-475F-BE4D-E6B59BE1AFFB";
				SDKROOT = iphoneos;
				TARGETED_DEVICE_FAMILY = "1,2";
			};
			name = Debug;
		};
		93C93A0414D5A8C30035EA79 /* Release */ = {
			isa = XCBuildConfiguration;
			buildSettings = {
				ALWAYS_SEARCH_USER_PATHS = NO;
				ARCHS = "$(ARCHS_STANDARD_32_BIT)";
				"CODE_SIGN_IDENTITY[sdk=iphoneos*]" = "iPhone Developer: Thomas Birkett (K6SAK6U5KJ)";
				COPY_PHASE_STRIP = YES;
				GCC_C_LANGUAGE_STANDARD = gnu99;
				GCC_VERSION = com.apple.compilers.llvm.clang.1_0;
				GCC_WARN_ABOUT_MISSING_PROTOTYPES = YES;
				GCC_WARN_ABOUT_RETURN_TYPE = YES;
				GCC_WARN_UNUSED_VARIABLE = YES;
				IPHONEOS_DEPLOYMENT_TARGET = 5.0;
				OTHER_CFLAGS = "-DNS_BLOCK_ASSERTIONS=1";
				"PROVISIONING_PROFILE[sdk=iphoneos*]" = "992390A9-E4E4-475F-BE4D-E6B59BE1AFFB";
				SDKROOT = iphoneos;
				TARGETED_DEVICE_FAMILY = "1,2";
				VALIDATE_PRODUCT = YES;
			};
			name = Release;
		};
		93C93A0614D5A8C30035EA79 /* Debug */ = {
			isa = XCBuildConfiguration;
			buildSettings = {
				GCC_PRECOMPILE_PREFIX_HEADER = YES;
				GCC_PREFIX_HEADER = "abaca/abaca-Prefix.pch";
				INFOPLIST_FILE = "abaca/abaca-Info.plist";
				PRODUCT_NAME = "$(TARGET_NAME)";
				WRAPPER_EXTENSION = app;
			};
			name = Debug;
		};
		93C93A0714D5A8C30035EA79 /* Release */ = {
			isa = XCBuildConfiguration;
			buildSettings = {
				GCC_PRECOMPILE_PREFIX_HEADER = YES;
				GCC_PREFIX_HEADER = "abaca/abaca-Prefix.pch";
				INFOPLIST_FILE = "abaca/abaca-Info.plist";
				PRODUCT_NAME = "$(TARGET_NAME)";
				WRAPPER_EXTENSION = app;
			};
			name = Release;
		};
/* End XCBuildConfiguration section */

/* Begin XCConfigurationList section */
		93C939E714D5A8C20035EA79 /* Build configuration list for PBXProject "abaca" */ = {
			isa = XCConfigurationList;
			buildConfigurations = (
				93C93A0314D5A8C30035EA79 /* Debug */,
				93C93A0414D5A8C30035EA79 /* Release */,
			);
			defaultConfigurationIsVisible = 0;
			defaultConfigurationName = Release;
		};
		93C93A0514D5A8C30035EA79 /* Build configuration list for PBXNativeTarget "abaca" */ = {
			isa = XCConfigurationList;
			buildConfigurations = (
				93C93A0614D5A8C30035EA79 /* Debug */,
				93C93A0714D5A8C30035EA79 /* Release */,
			);
			defaultConfigurationIsVisible = 0;
			defaultConfigurationName = Release;
		};
/* End XCConfigurationList section */
	};
	rootObject = 93C939E414D5A8C20035EA79 /* Project object */;
}
